
Microsoft Visual Studio Solution File, Format Version 12.00
# Visual Studio Version 17
VisualStudioVersion = 17.0.32126.317
MinimumVisualStudioVersion = 10.0.40219.1
Project("{9A19103F-16F7-4668-BE54-9A1E7A4F7556}") = "Synthese", "Synthese\Synthese.csproj", "{954FE416-24B1-4005-83E3-5706A0375FAE}"
EndProject
Project("{FAE04EC0-301F-11D3-BF4B-00C04F79EFBC}") = "Synthese.Controls", "Synthese.Controls\Synthese.Controls.csproj", "{50303661-6BBC-4842-950F-2E0023A408B6}"
EndProject
Project("{FAE04EC0-301F-11D3-BF4B-00C04F79EFBC}") = "Synthese.Network", "Synthese.Network\Synthese.Network.csproj", "{90644CFF-3D87-4C29-9B61-2AF61FF6049A}"
EndProject
Global
	GlobalSection(SolutionConfigurationPlatforms) = preSolution
		Debug|Any CPU = Debug|Any CPU
		Release|Any CPU = Release|Any CPU
	EndGlobalSection
	GlobalSection(ProjectConfigurationPlatforms) = postSolution
		{954FE416-24B1-4005-83E3-5706A0375FAE}.Debug|Any CPU.ActiveCfg = Debug|Any CPU
		{954FE416-24B1-4005-83E3-5706A0375FAE}.Debug|Any CPU.Build.0 = Debug|Any CPU
		{954FE416-24B1-4005-83E3-5706A0375FAE}.Release|Any CPU.ActiveCfg = Release|Any CPU
		{954FE416-24B1-4005-83E3-5706A0375FAE}.Release|Any CPU.Build.0 = Release|Any CPU
		{50303661-6BBC-4842-950F-2E0023A408B6}.Debug|Any CPU.ActiveCfg = Debug|Any CPU
		{50303661-6BBC-4842-950F-2E0023A408B6}.Debug|Any CPU.Build.0 = Debug|Any CPU
		{50303661-6BBC-4842-950F-2E0023A408B6}.Release|Any CPU.ActiveCfg = Release|Any CPU
		{50303661-6BBC-4842-950F-2E0023A408B6}.Release|Any CPU.Build.0 = Release|Any CPU
		{90644CFF-3D87-4C29-9B61-2AF61FF6049A}.Debug|Any CPU.ActiveCfg = Debug|Any CPU
		{90644CFF-3D87-4C29-9B61-2AF61FF6049A}.Debug|Any CPU.Build.0 = Debug|Any CPU
		{90644CFF-3D87-4C29-9B61-2AF61FF6049A}.Release|Any CPU.ActiveCfg = Release|Any CPU
		{90644CFF-3D87-4C29-9B61-2AF61FF6049A}.Release|Any CPU.Build.0 = Release|Any CPU
	EndGlobalSection
	GlobalSection(SolutionProperties) = preSolution
		HideSolutionNode = FALSE
	EndGlobalSection
	GlobalSection(ExtensibilityGlobals) = postSolution
		SolutionGuid = {0E27F7BC-098F-4457-8569-C726205B8F56}
	EndGlobalSection
EndGlobal
